
Microsoft Visual Studio Solution File, Format Version 12.00
# Visual Studio 2013
VisualStudioVersion = 12.0.21005.1
MinimumVisualStudioVersion = 10.0.40219.1
Project("{FAE04EC0-301F-11D3-BF4B-00C04F79EFBC}") = "RogueSharp", "RogueSharp\RogueSharp.csproj", "{EBCA7EA9-1C80-481A-8025-A465D6BA5F71}"
EndProject
Project("{FAE04EC0-301F-11D3-BF4B-00C04F79EFBC}") = "RogueSharp.Test", "RogueSharp.Test\RogueSharp.Test.csproj", "{A1494180-593F-46C0-8C34-47D3289A3CE6}"
EndProject
Project("{2150E333-8FDC-42A3-9474-1A3956D46DE8}") = "Solution Items", "Solution Items", "{EC8DBBC4-3542-4859-A2C7-BAE76D5FF83E}"
	ProjectSection(SolutionItems) = preProject
		RogueSharp.vsmdi = RogueSharp.vsmdi
	EndProjectSection
EndProject
Project("{2150E333-8FDC-42A3-9474-1A3956D46DE8}") = "Dlls", "Dlls", "{AF135727-1FAC-44E0-9B25-317D05719438}"
	ProjectSection(SolutionItems) = preProject
		Dlls\libtcod-net-unmanaged.dll = Dlls\libtcod-net-unmanaged.dll
		Dlls\libtcod-net.dll = Dlls\libtcod-net.dll
		Dlls\libtcod-VS.dll = Dlls\libtcod-VS.dll
		Dlls\SDL.dll = Dlls\SDL.dll
		Dlls\zlib1.dll = Dlls\zlib1.dll
	EndProjectSection
EndProject
Project("{FAE04EC0-301F-11D3-BF4B-00C04F79EFBC}") = "RogueSharp.PerformanceTest", "RogueSharp.PerformanceTest\RogueSharp.PerformanceTest.csproj", "{F13AA419-6831-4898-BB3C-CF20177FE179}"
EndProject
Global
	GlobalSection(SolutionConfigurationPlatforms) = preSolution
		Debug|Any CPU = Debug|Any CPU
		Release|Any CPU = Release|Any CPU
	EndGlobalSection
	GlobalSection(ProjectConfigurationPlatforms) = postSolution
		{EBCA7EA9-1C80-481A-8025-A465D6BA5F71}.Debug|Any CPU.ActiveCfg = Debug|Any CPU
		{EBCA7EA9-1C80-481A-8025-A465D6BA5F71}.Debug|Any CPU.Build.0 = Debug|Any CPU
		{EBCA7EA9-1C80-481A-8025-A465D6BA5F71}.Release|Any CPU.ActiveCfg = Release|Any CPU
		{EBCA7EA9-1C80-481A-8025-A465D6BA5F71}.Release|Any CPU.Build.0 = Release|Any CPU
		{A1494180-593F-46C0-8C34-47D3289A3CE6}.Debug|Any CPU.ActiveCfg = Debug|Any CPU
		{A1494180-593F-46C0-8C34-47D3289A3CE6}.Debug|Any CPU.Build.0 = Debug|Any CPU
		{A1494180-593F-46C0-8C34-47D3289A3CE6}.Release|Any CPU.ActiveCfg = Release|Any CPU
		{A1494180-593F-46C0-8C34-47D3289A3CE6}.Release|Any CPU.Build.0 = Release|Any CPU
		{F13AA419-6831-4898-BB3C-CF20177FE179}.Debug|Any CPU.ActiveCfg = Debug|Any CPU
		{F13AA419-6831-4898-BB3C-CF20177FE179}.Debug|Any CPU.Build.0 = Debug|Any CPU
		{F13AA419-6831-4898-BB3C-CF20177FE179}.Release|Any CPU.ActiveCfg = Release|Any CPU
		{F13AA419-6831-4898-BB3C-CF20177FE179}.Release|Any CPU.Build.0 = Release|Any CPU
	EndGlobalSection
	GlobalSection(SolutionProperties) = preSolution
		HideSolutionNode = FALSE
	EndGlobalSection
	GlobalSection(SubversionScc) = preSolution
		Svn-Managed = True
		Manager = AnkhSVN - Subversion Support for Visual Studio
	EndGlobalSection
	GlobalSection(TestCaseManagementSettings) = postSolution
		CategoryFile = RogueSharp.vsmdi
	EndGlobalSection
EndGlobal
